
Microsoft Visual Studio Solution File, Format Version 12.00
# Visual Studio Version 16
VisualStudioVersion = 16.0.30907.101
MinimumVisualStudioVersion = 10.0.40219.1
Project("{FAE04EC0-301F-11D3-BF4B-00C04F79EFBC}") = "Linear Data Structures", "Linear Data Structures\Linear Data Structures.csproj", "{49DA9407-EFF9-4A40-B468-A7612D336B68}"
EndProject
Global
	GlobalSection(SolutionConfigurationPlatforms) = preSolution
		Debug|Any CPU = Debug|Any CPU
		Release|Any CPU = Release|Any CPU
	EndGlobalSection
	GlobalSection(ProjectConfigurationPlatforms) = postSolution
		{49DA9407-EFF9-4A40-B468-A7612D336B68}.Debug|Any CPU.ActiveCfg = Debug|Any CPU
		{49DA9407-EFF9-4A40-B468-A7612D336B68}.Debug|Any CPU.Build.0 = Debug|Any CPU
		{49DA9407-EFF9-4A40-B468-A7612D336B68}.Release|Any CPU.ActiveCfg = Release|Any CPU
		{49DA9407-EFF9-4A40-B468-A7612D336B68}.Release|Any CPU.Build.0 = Release|Any CPU
	EndGlobalSection
	GlobalSection(SolutionProperties) = preSolution
		HideSolutionNode = FALSE
	EndGlobalSection
	GlobalSection(ExtensibilityGlobals) = postSolution
		SolutionGuid = {C6545223-C53E-4522-A551-4BBBAD8199F3}
	EndGlobalSection
EndGlobal
